
Microsoft Visual Studio Solution File, Format Version 12.00
# Visual Studio Version 16
VisualStudioVersion = 16.0.30002.166
MinimumVisualStudioVersion = 10.0.40219.1
Project("{FAE04EC0-301F-11D3-BF4B-00C04F79EFBC}") = "ExeFixacao", "ExeFixacao\ExeFixacao.csproj", "{50911D5E-A5D8-4DE8-9B62-3D451B4EF901}"
EndProject
Global
	GlobalSection(SolutionConfigurationPlatforms) = preSolution
		Debug|Any CPU = Debug|Any CPU
		Release|Any CPU = Release|Any CPU
	EndGlobalSection
	GlobalSection(ProjectConfigurationPlatforms) = postSolution
		{50911D5E-A5D8-4DE8-9B62-3D451B4EF901}.Debug|Any CPU.ActiveCfg = Debug|Any CPU
		{50911D5E-A5D8-4DE8-9B62-3D451B4EF901}.Debug|Any CPU.Build.0 = Debug|Any CPU
		{50911D5E-A5D8-4DE8-9B62-3D451B4EF901}.Release|Any CPU.ActiveCfg = Release|Any CPU
		{50911D5E-A5D8-4DE8-9B62-3D451B4EF901}.Release|Any CPU.Build.0 = Release|Any CPU
	EndGlobalSection
	GlobalSection(SolutionProperties) = preSolution
		HideSolutionNode = FALSE
	EndGlobalSection
	GlobalSection(ExtensibilityGlobals) = postSolution
		SolutionGuid = {246AD7BE-57D2-4140-9938-5E080E94A6BA}
	EndGlobalSection
EndGlobal
